
Microsoft Visual Studio Solution File, Format Version 12.00
# Visual Studio Version 17
VisualStudioVersion = 17.11.35327.3
MinimumVisualStudioVersion = 10.0.40219.1
Project("{FAE04EC0-301F-11D3-BF4B-00C04F79EFBC}") = "Train-Routes-POC-App", "Train-Routes-POC-App\Train-Routes-POC-App.csproj", "{52E96E1D-52D7-4851-AEEF-99F718D4A4CC}"
EndProject
Global
	GlobalSection(SolutionConfigurationPlatforms) = preSolution
		Debug|Any CPU = Debug|Any CPU
		Release|Any CPU = Release|Any CPU
	EndGlobalSection
	GlobalSection(ProjectConfigurationPlatforms) = postSolution
		{52E96E1D-52D7-4851-AEEF-99F718D4A4CC}.Debug|Any CPU.ActiveCfg = Debug|Any CPU
		{52E96E1D-52D7-4851-AEEF-99F718D4A4CC}.Debug|Any CPU.Build.0 = Debug|Any CPU
		{52E96E1D-52D7-4851-AEEF-99F718D4A4CC}.Release|Any CPU.ActiveCfg = Release|Any CPU
		{52E96E1D-52D7-4851-AEEF-99F718D4A4CC}.Release|Any CPU.Build.0 = Release|Any CPU
	EndGlobalSection
	GlobalSection(SolutionProperties) = preSolution
		HideSolutionNode = FALSE
	EndGlobalSection
	GlobalSection(ExtensibilityGlobals) = postSolution
		SolutionGuid = {51080341-92D2-40B5-B4A3-970599027415}
	EndGlobalSection
EndGlobal
